
Microsoft Visual Studio Solution File, Format Version 12.00
# Visual Studio Version 17
VisualStudioVersion = 17.10.35027.167
MinimumVisualStudioVersion = 10.0.40219.1
Project("{9A19103F-16F7-4668-BE54-9A1E7A4F7556}") = "DotNet8WebApi.PostgreSqlSample", "DotNet8WebApi.PostgreSqlSample\DotNet8WebApi.PostgreSqlSample.csproj", "{9DE577BB-9F13-4D38-8B41-E2437EAA01C5}"
EndProject
Project("{FAE04EC0-301F-11D3-BF4B-00C04F79EFBC}") = "DotNet8WebApi.PostgreSqlSample.Database", "DotNet8WebApi.PostgreSqlSample.Database\DotNet8WebApi.PostgreSqlSample.Database.csproj", "{0092B7E4-785F-4613-9489-7BD00115A00A}"
EndProject
Project("{2150E333-8FDC-42A3-9474-1A3956D46DE8}") = "Documents", "Documents", "{D5EA6077-BDA7-45A5-B93A-CEF0EFAC755B}"
	ProjectSection(SolutionItems) = preProject
		README.md = README.md
	EndProjectSection
EndProject
Global
	GlobalSection(SolutionConfigurationPlatforms) = preSolution
		Debug|Any CPU = Debug|Any CPU
		Release|Any CPU = Release|Any CPU
	EndGlobalSection
	GlobalSection(ProjectConfigurationPlatforms) = postSolution
		{9DE577BB-9F13-4D38-8B41-E2437EAA01C5}.Debug|Any CPU.ActiveCfg = Debug|Any CPU
		{9DE577BB-9F13-4D38-8B41-E2437EAA01C5}.Debug|Any CPU.Build.0 = Debug|Any CPU
		{9DE577BB-9F13-4D38-8B41-E2437EAA01C5}.Release|Any CPU.ActiveCfg = Release|Any CPU
		{9DE577BB-9F13-4D38-8B41-E2437EAA01C5}.Release|Any CPU.Build.0 = Release|Any CPU
		{0092B7E4-785F-4613-9489-7BD00115A00A}.Debug|Any CPU.ActiveCfg = Debug|Any CPU
		{0092B7E4-785F-4613-9489-7BD00115A00A}.Debug|Any CPU.Build.0 = Debug|Any CPU
		{0092B7E4-785F-4613-9489-7BD00115A00A}.Release|Any CPU.ActiveCfg = Release|Any CPU
		{0092B7E4-785F-4613-9489-7BD00115A00A}.Release|Any CPU.Build.0 = Release|Any CPU
	EndGlobalSection
	GlobalSection(SolutionProperties) = preSolution
		HideSolutionNode = FALSE
	EndGlobalSection
	GlobalSection(ExtensibilityGlobals) = postSolution
		SolutionGuid = {2DAB8E8A-DCCC-4B0B-B8CB-985404BC203F}
	EndGlobalSection
EndGlobal
